
Microsoft Visual Studio Solution File, Format Version 12.00
# Visual Studio for Mac
Project("{FAE04EC0-301F-11D3-BF4B-00C04F79EFBC}") = "Assembly-CSharp", "Assembly-CSharp.csproj", "{D6838EE3-0A96-E86D-524E-1B37B9ADD953}"
EndProject
Project("{FAE04EC0-301F-11D3-BF4B-00C04F79EFBC}") = "Oculus.VR", "Oculus.VR.csproj", "{F31FF8E2-F0F3-E229-A6BD-A95807997935}"
EndProject
Project("{FAE04EC0-301F-11D3-BF4B-00C04F79EFBC}") = "Assembly-CSharp-Editor", "Assembly-CSharp-Editor.csproj", "{9EB92B1A-DE05-2A82-6A9B-61BA45E9ED06}"
EndProject
Project("{FAE04EC0-301F-11D3-BF4B-00C04F79EFBC}") = "Oculus.VR.Scripts.Editor", "Oculus.VR.Scripts.Editor.csproj", "{70BDA070-CACB-B92E-7FE3-8D1E6BC6A221}"
EndProject
Project("{FAE04EC0-301F-11D3-BF4B-00C04F79EFBC}") = "Oculus.VR.Editor", "Oculus.VR.Editor.csproj", "{3BAA8472-721D-D45A-6B9D-699A93BBCC0A}"
EndProject
Global
	GlobalSection(SolutionConfigurationPlatforms) = preSolution
		Debug|Any CPU = Debug|Any CPU
		Release|Any CPU = Release|Any CPU
	EndGlobalSection
	GlobalSection(ProjectConfigurationPlatforms) = postSolution
		{D6838EE3-0A96-E86D-524E-1B37B9ADD953}.Debug|Any CPU.ActiveCfg = Debug|Any CPU
		{D6838EE3-0A96-E86D-524E-1B37B9ADD953}.Debug|Any CPU.Build.0 = Debug|Any CPU
		{D6838EE3-0A96-E86D-524E-1B37B9ADD953}.Release|Any CPU.ActiveCfg = Release|Any CPU
		{D6838EE3-0A96-E86D-524E-1B37B9ADD953}.Release|Any CPU.Build.0 = Release|Any CPU
		{F31FF8E2-F0F3-E229-A6BD-A95807997935}.Debug|Any CPU.ActiveCfg = Debug|Any CPU
		{F31FF8E2-F0F3-E229-A6BD-A95807997935}.Debug|Any CPU.Build.0 = Debug|Any CPU
		{F31FF8E2-F0F3-E229-A6BD-A95807997935}.Release|Any CPU.ActiveCfg = Release|Any CPU
		{F31FF8E2-F0F3-E229-A6BD-A95807997935}.Release|Any CPU.Build.0 = Release|Any CPU
		{9EB92B1A-DE05-2A82-6A9B-61BA45E9ED06}.Debug|Any CPU.ActiveCfg = Debug|Any CPU
		{9EB92B1A-DE05-2A82-6A9B-61BA45E9ED06}.Debug|Any CPU.Build.0 = Debug|Any CPU
		{9EB92B1A-DE05-2A82-6A9B-61BA45E9ED06}.Release|Any CPU.ActiveCfg = Release|Any CPU
		{9EB92B1A-DE05-2A82-6A9B-61BA45E9ED06}.Release|Any CPU.Build.0 = Release|Any CPU
		{70BDA070-CACB-B92E-7FE3-8D1E6BC6A221}.Debug|Any CPU.ActiveCfg = Debug|Any CPU
		{70BDA070-CACB-B92E-7FE3-8D1E6BC6A221}.Debug|Any CPU.Build.0 = Debug|Any CPU
		{70BDA070-CACB-B92E-7FE3-8D1E6BC6A221}.Release|Any CPU.ActiveCfg = Release|Any CPU
		{70BDA070-CACB-B92E-7FE3-8D1E6BC6A221}.Release|Any CPU.Build.0 = Release|Any CPU
		{3BAA8472-721D-D45A-6B9D-699A93BBCC0A}.Debug|Any CPU.ActiveCfg = Debug|Any CPU
		{3BAA8472-721D-D45A-6B9D-699A93BBCC0A}.Debug|Any CPU.Build.0 = Debug|Any CPU
		{3BAA8472-721D-D45A-6B9D-699A93BBCC0A}.Release|Any CPU.ActiveCfg = Release|Any CPU
		{3BAA8472-721D-D45A-6B9D-699A93BBCC0A}.Release|Any CPU.Build.0 = Release|Any CPU
	EndGlobalSection
	GlobalSection(SolutionProperties) = preSolution
		HideSolutionNode = FALSE
	EndGlobalSection
EndGlobal
